
Microsoft Visual Studio Solution File, Format Version 12.00
# Visual Studio 15
VisualStudioVersion = 15.0.28307.757
MinimumVisualStudioVersion = 10.0.40219.1
Project("{FAE04EC0-301F-11D3-BF4B-00C04F79EFBC}") = "ToDoMobileApp.Android", "ToDoMobileApp\ToDoMobileApp.Android\ToDoMobileApp.Android.csproj", "{35C76538-FCD9-4D39-A15F-113F8262DD31}"
EndProject
Project("{FAE04EC0-301F-11D3-BF4B-00C04F79EFBC}") = "ToDoMobileApp", "ToDoMobileApp\ToDoMobileApp\ToDoMobileApp.csproj", "{D7340708-2E81-4000-AB4D-72B5A7FD5606}"
EndProject
Global
	GlobalSection(SolutionConfigurationPlatforms) = preSolution
		Debug|Any CPU = Debug|Any CPU
		Release|Any CPU = Release|Any CPU
	EndGlobalSection
	GlobalSection(ProjectConfigurationPlatforms) = postSolution
		{35C76538-FCD9-4D39-A15F-113F8262DD31}.Debug|Any CPU.ActiveCfg = Debug|Any CPU
		{35C76538-FCD9-4D39-A15F-113F8262DD31}.Debug|Any CPU.Build.0 = Debug|Any CPU
		{35C76538-FCD9-4D39-A15F-113F8262DD31}.Debug|Any CPU.Deploy.0 = Debug|Any CPU
		{35C76538-FCD9-4D39-A15F-113F8262DD31}.Release|Any CPU.ActiveCfg = Release|Any CPU
		{35C76538-FCD9-4D39-A15F-113F8262DD31}.Release|Any CPU.Build.0 = Release|Any CPU
		{35C76538-FCD9-4D39-A15F-113F8262DD31}.Release|Any CPU.Deploy.0 = Release|Any CPU
		{D7340708-2E81-4000-AB4D-72B5A7FD5606}.Debug|Any CPU.ActiveCfg = Debug|Any CPU
		{D7340708-2E81-4000-AB4D-72B5A7FD5606}.Debug|Any CPU.Build.0 = Debug|Any CPU
		{D7340708-2E81-4000-AB4D-72B5A7FD5606}.Debug|Any CPU.Deploy.0 = Debug|Any CPU
		{D7340708-2E81-4000-AB4D-72B5A7FD5606}.Release|Any CPU.ActiveCfg = Release|Any CPU
		{D7340708-2E81-4000-AB4D-72B5A7FD5606}.Release|Any CPU.Build.0 = Release|Any CPU
		{D7340708-2E81-4000-AB4D-72B5A7FD5606}.Release|Any CPU.Deploy.0 = Release|Any CPU
	EndGlobalSection
	GlobalSection(SolutionProperties) = preSolution
		HideSolutionNode = FALSE
	EndGlobalSection
	GlobalSection(ExtensibilityGlobals) = postSolution
		SolutionGuid = {9CE28AD4-DE71-4DA4-A203-6C7AA2386CEC}
	EndGlobalSection
EndGlobal
